# generated by rye
# use `rye lock` or `rye sync` to update this lockfile
#
# last locked with the following flags:
#   pre: false
#   features: []
#   all-features: false
#   with-sources: false
#   generate-hashes: false
#   universal: false

-e file:.
annotated-types==0.7.0
    # via pydantic
anyio==4.11.0
    # via automation-tool
    # via starlette
attrs==25.4.0
    # via outcome
    # via trio
certifi==2025.10.5
    # via selenium
cffi==2.0.0
    # via trio
click==8.3.0
    # via automation-tool
    # via uvicorn
colorama==0.4.6
    # via automation-tool
    # via click
fastapi==0.118.3
    # via automation-tool
h11==0.16.0
    # via uvicorn
    # via wsproto
idna==3.10
    # via anyio
    # via trio
outcome==1.3.0.post0
    # via trio
    # via trio-websocket
pycparser==2.23
    # via cffi
pydantic==2.12.0
    # via automation-tool
    # via fastapi
pydantic-core==2.41.1
    # via pydantic
pysocks==1.7.1
    # via urllib3
selenium==4.36.0
    # via automation-tool
sniffio==1.3.1
    # via anyio
    # via trio
sortedcontainers==2.4.0
    # via trio
starlette==0.48.0
    # via automation-tool
    # via fastapi
trio==0.31.0
    # via selenium
    # via trio-websocket
trio-websocket==0.12.2
    # via selenium
typing-extensions==4.15.0
    # via fastapi
    # via pydantic
    # via pydantic-core
    # via selenium
    # via typing-inspection
typing-inspection==0.4.2
    # via pydantic
urllib3==2.5.0
    # via selenium
uvicorn==0.37.0
    # via automation-tool
websocket-client==1.9.0
    # via selenium
wsproto==1.2.0
    # via trio-websocket
